
Microsoft Visual Studio Solution File, Format Version 12.00
# Visual Studio 2017
Project("{FAE04EC0-301F-11D3-BF4B-00C04F79EFBC}") = "Hackathon 2017 - BallInACup", "Hackathon 2017 - BallInACup.csproj", "{9D35F68B-DFCE-651E-4BFC-401D2BB975F1}"
EndProject
Project("{FAE04EC0-301F-11D3-BF4B-00C04F79EFBC}") = "Hackathon 2017 - BallInACup.Editor", "Hackathon 2017 - BallInACup.Editor.csproj", "{99728B03-0FDE-A7E3-8BF4-0164855F8842}"
EndProject
Global
	GlobalSection(SolutionConfigurationPlatforms) = preSolution
		Debug|Any CPU = Debug|Any CPU
		Release|Any CPU = Release|Any CPU
	EndGlobalSection
	GlobalSection(ProjectConfigurationPlatforms) = postSolution
		{9D35F68B-DFCE-651E-4BFC-401D2BB975F1}.Debug|Any CPU.ActiveCfg = Debug|Any CPU
		{9D35F68B-DFCE-651E-4BFC-401D2BB975F1}.Debug|Any CPU.Build.0 = Debug|Any CPU
		{9D35F68B-DFCE-651E-4BFC-401D2BB975F1}.Release|Any CPU.ActiveCfg = Release|Any CPU
		{9D35F68B-DFCE-651E-4BFC-401D2BB975F1}.Release|Any CPU.Build.0 = Release|Any CPU
		{99728B03-0FDE-A7E3-8BF4-0164855F8842}.Debug|Any CPU.ActiveCfg = Debug|Any CPU
		{99728B03-0FDE-A7E3-8BF4-0164855F8842}.Debug|Any CPU.Build.0 = Debug|Any CPU
		{99728B03-0FDE-A7E3-8BF4-0164855F8842}.Release|Any CPU.ActiveCfg = Release|Any CPU
		{99728B03-0FDE-A7E3-8BF4-0164855F8842}.Release|Any CPU.Build.0 = Release|Any CPU
	EndGlobalSection
	GlobalSection(SolutionProperties) = preSolution
		HideSolutionNode = FALSE
	EndGlobalSection
EndGlobal
